
Microsoft Visual Studio Solution File, Format Version 12.00
# Visual Studio 14
VisualStudioVersion = 14.0.25420.1
MinimumVisualStudioVersion = 10.0.40219.1
Project("{8BC9CEB8-8B4A-11D0-8D11-00A0C91BC942}") = "NativeTestProject", "NativeTestProject\NativeTestProject.vcxproj", "{2D2000C7-FD52-4C55-A2F5-0969B61223BD}"
	ProjectSection(ProjectDependencies) = postProject
		{E6275380-49DA-4AE9-892F-EDFDB07B9696} = {E6275380-49DA-4AE9-892F-EDFDB07B9696}
		{B139DBB7-96DB-4293-9104-4F4214E40F13} = {B139DBB7-96DB-4293-9104-4F4214E40F13}
	EndProjectSection
EndProject
Project("{2150E333-8FDC-42A3-9474-1A3956D46DE8}") = "Apps", "Apps", "{DC12A2A7-B12E-4AFE-B1A8-35321C367661}"
EndProject
Project("{2150E333-8FDC-42A3-9474-1A3956D46DE8}") = "Native", "Native", "{3444158C-073D-4F14-8F13-DFEB682D515D}"
EndProject
Project("{8BC9CEB8-8B4A-11D0-8D11-00A0C91BC942}") = "DeepLearningFramework", "DeepLearningFramework\DeepLearningFramework.vcxproj", "{B139DBB7-96DB-4293-9104-4F4214E40F13}"
EndProject
Project("{8BC9CEB8-8B4A-11D0-8D11-00A0C91BC942}") = "caffe", "..\caffe\build\src\caffe\caffe.vcxproj", "{4393CA2E-1A5B-3EBD-B9D3-EE3CB243F5C6}"
EndProject
Project("{8BC9CEB8-8B4A-11D0-8D11-00A0C91BC942}") = "caffeproto", "..\caffe\build\src\caffe\caffeproto.vcxproj", "{5E7E63A8-3664-3B65-9F3B-EDB6C3B262A7}"
EndProject
Project("{2150E333-8FDC-42A3-9474-1A3956D46DE8}") = "3rdParty", "3rdParty", "{06B0A334-FF37-4604-904A-909330390E94}"
EndProject
Project("{8BC9CEB8-8B4A-11D0-8D11-00A0C91BC942}") = "VideoDecoder", "VideoDecoder\VideoDecoder.vcxproj", "{DD8F1591-3DAC-4D8D-98CB-5C982B8DF43E}"
EndProject
Project("{8BC9CEB8-8B4A-11D0-8D11-00A0C91BC942}") = "VehicleDetectionFramework", "VehicleDetectionFramework\VehicleDetectionFramework.vcxproj", "{99ECE482-84A7-411D-BF42-B4972DF35733}"
EndProject
Project("{8BC9CEB8-8B4A-11D0-8D11-00A0C91BC942}") = "Manager", "Manager\Manager.vcxproj", "{E6275380-49DA-4AE9-892F-EDFDB07B9696}"
	ProjectSection(ProjectDependencies) = postProject
		{99ECE482-84A7-411D-BF42-B4972DF35733} = {99ECE482-84A7-411D-BF42-B4972DF35733}
		{DD8F1591-3DAC-4D8D-98CB-5C982B8DF43E} = {DD8F1591-3DAC-4D8D-98CB-5C982B8DF43E}
	EndProjectSection
EndProject
Global
	GlobalSection(SolutionConfigurationPlatforms) = preSolution
		Debug|x64 = Debug|x64
		Debug|x86 = Debug|x86
		Release|x64 = Release|x64
		Release|x86 = Release|x86
	EndGlobalSection
	GlobalSection(ProjectConfigurationPlatforms) = postSolution
		{2D2000C7-FD52-4C55-A2F5-0969B61223BD}.Debug|x64.ActiveCfg = Debug|x64
		{2D2000C7-FD52-4C55-A2F5-0969B61223BD}.Debug|x64.Build.0 = Debug|x64
		{2D2000C7-FD52-4C55-A2F5-0969B61223BD}.Debug|x86.ActiveCfg = Debug|Win32
		{2D2000C7-FD52-4C55-A2F5-0969B61223BD}.Debug|x86.Build.0 = Debug|Win32
		{2D2000C7-FD52-4C55-A2F5-0969B61223BD}.Release|x64.ActiveCfg = Release|x64
		{2D2000C7-FD52-4C55-A2F5-0969B61223BD}.Release|x64.Build.0 = Release|x64
		{2D2000C7-FD52-4C55-A2F5-0969B61223BD}.Release|x86.ActiveCfg = Release|Win32
		{2D2000C7-FD52-4C55-A2F5-0969B61223BD}.Release|x86.Build.0 = Release|Win32
		{B139DBB7-96DB-4293-9104-4F4214E40F13}.Debug|x64.ActiveCfg = Debug|x64
		{B139DBB7-96DB-4293-9104-4F4214E40F13}.Debug|x64.Build.0 = Debug|x64
		{B139DBB7-96DB-4293-9104-4F4214E40F13}.Debug|x86.ActiveCfg = Debug|Win32
		{B139DBB7-96DB-4293-9104-4F4214E40F13}.Debug|x86.Build.0 = Debug|Win32
		{B139DBB7-96DB-4293-9104-4F4214E40F13}.Release|x64.ActiveCfg = Release|x64
		{B139DBB7-96DB-4293-9104-4F4214E40F13}.Release|x64.Build.0 = Release|x64
		{B139DBB7-96DB-4293-9104-4F4214E40F13}.Release|x86.ActiveCfg = Release|Win32
		{B139DBB7-96DB-4293-9104-4F4214E40F13}.Release|x86.Build.0 = Release|Win32
		{4393CA2E-1A5B-3EBD-B9D3-EE3CB243F5C6}.Debug|x64.ActiveCfg = Debug|x64
		{4393CA2E-1A5B-3EBD-B9D3-EE3CB243F5C6}.Debug|x64.Build.0 = Debug|x64
		{4393CA2E-1A5B-3EBD-B9D3-EE3CB243F5C6}.Debug|x86.ActiveCfg = Debug|x64
		{4393CA2E-1A5B-3EBD-B9D3-EE3CB243F5C6}.Release|x64.ActiveCfg = Release|x64
		{4393CA2E-1A5B-3EBD-B9D3-EE3CB243F5C6}.Release|x64.Build.0 = Release|x64
		{4393CA2E-1A5B-3EBD-B9D3-EE3CB243F5C6}.Release|x86.ActiveCfg = Release|x64
		{5E7E63A8-3664-3B65-9F3B-EDB6C3B262A7}.Debug|x64.ActiveCfg = Debug|x64
		{5E7E63A8-3664-3B65-9F3B-EDB6C3B262A7}.Debug|x64.Build.0 = Debug|x64
		{5E7E63A8-3664-3B65-9F3B-EDB6C3B262A7}.Debug|x86.ActiveCfg = Debug|x64
		{5E7E63A8-3664-3B65-9F3B-EDB6C3B262A7}.Release|x64.ActiveCfg = Release|x64
		{5E7E63A8-3664-3B65-9F3B-EDB6C3B262A7}.Release|x64.Build.0 = Release|x64
		{5E7E63A8-3664-3B65-9F3B-EDB6C3B262A7}.Release|x86.ActiveCfg = Release|x64
		{DD8F1591-3DAC-4D8D-98CB-5C982B8DF43E}.Debug|x64.ActiveCfg = Debug|x64
		{DD8F1591-3DAC-4D8D-98CB-5C982B8DF43E}.Debug|x64.Build.0 = Debug|x64
		{DD8F1591-3DAC-4D8D-98CB-5C982B8DF43E}.Debug|x86.ActiveCfg = Debug|Win32
		{DD8F1591-3DAC-4D8D-98CB-5C982B8DF43E}.Debug|x86.Build.0 = Debug|Win32
		{DD8F1591-3DAC-4D8D-98CB-5C982B8DF43E}.Release|x64.ActiveCfg = Release|x64
		{DD8F1591-3DAC-4D8D-98CB-5C982B8DF43E}.Release|x64.Build.0 = Release|x64
		{DD8F1591-3DAC-4D8D-98CB-5C982B8DF43E}.Release|x86.ActiveCfg = Release|Win32
		{DD8F1591-3DAC-4D8D-98CB-5C982B8DF43E}.Release|x86.Build.0 = Release|Win32
		{99ECE482-84A7-411D-BF42-B4972DF35733}.Debug|x64.ActiveCfg = Debug|x64
		{99ECE482-84A7-411D-BF42-B4972DF35733}.Debug|x64.Build.0 = Debug|x64
		{99ECE482-84A7-411D-BF42-B4972DF35733}.Debug|x86.ActiveCfg = Debug|Win32
		{99ECE482-84A7-411D-BF42-B4972DF35733}.Debug|x86.Build.0 = Debug|Win32
		{99ECE482-84A7-411D-BF42-B4972DF35733}.Release|x64.ActiveCfg = Release|x64
		{99ECE482-84A7-411D-BF42-B4972DF35733}.Release|x64.Build.0 = Release|x64
		{99ECE482-84A7-411D-BF42-B4972DF35733}.Release|x86.ActiveCfg = Release|Win32
		{99ECE482-84A7-411D-BF42-B4972DF35733}.Release|x86.Build.0 = Release|Win32
		{E6275380-49DA-4AE9-892F-EDFDB07B9696}.Debug|x64.ActiveCfg = Debug|x64
		{E6275380-49DA-4AE9-892F-EDFDB07B9696}.Debug|x64.Build.0 = Debug|x64
		{E6275380-49DA-4AE9-892F-EDFDB07B9696}.Debug|x86.ActiveCfg = Debug|Win32
		{E6275380-49DA-4AE9-892F-EDFDB07B9696}.Debug|x86.Build.0 = Debug|Win32
		{E6275380-49DA-4AE9-892F-EDFDB07B9696}.Release|x64.ActiveCfg = Release|x64
		{E6275380-49DA-4AE9-892F-EDFDB07B9696}.Release|x64.Build.0 = Release|x64
		{E6275380-49DA-4AE9-892F-EDFDB07B9696}.Release|x86.ActiveCfg = Release|Win32
		{E6275380-49DA-4AE9-892F-EDFDB07B9696}.Release|x86.Build.0 = Release|Win32
	EndGlobalSection
	GlobalSection(SolutionProperties) = preSolution
		HideSolutionNode = FALSE
	EndGlobalSection
	GlobalSection(NestedProjects) = preSolution
		{2D2000C7-FD52-4C55-A2F5-0969B61223BD} = {DC12A2A7-B12E-4AFE-B1A8-35321C367661}
		{B139DBB7-96DB-4293-9104-4F4214E40F13} = {3444158C-073D-4F14-8F13-DFEB682D515D}
		{4393CA2E-1A5B-3EBD-B9D3-EE3CB243F5C6} = {06B0A334-FF37-4604-904A-909330390E94}
		{5E7E63A8-3664-3B65-9F3B-EDB6C3B262A7} = {06B0A334-FF37-4604-904A-909330390E94}
		{06B0A334-FF37-4604-904A-909330390E94} = {3444158C-073D-4F14-8F13-DFEB682D515D}
		{DD8F1591-3DAC-4D8D-98CB-5C982B8DF43E} = {3444158C-073D-4F14-8F13-DFEB682D515D}
		{99ECE482-84A7-411D-BF42-B4972DF35733} = {3444158C-073D-4F14-8F13-DFEB682D515D}
		{E6275380-49DA-4AE9-892F-EDFDB07B9696} = {3444158C-073D-4F14-8F13-DFEB682D515D}
	EndGlobalSection
	GlobalSection(ExtensibilityGlobals) = postSolution
		SolutionGuid = {14EC21AA-026F-4EEC-8E00-D7F360A229F3}
	EndGlobalSection
EndGlobal
